
Microsoft Visual Studio Solution File, Format Version 12.00
# Visual Studio Version 16
VisualStudioVersion = 16.0.32602.291
MinimumVisualStudioVersion = 10.0.40219.1
Project("{9A19103F-16F7-4668-BE54-9A1E7A4F7556}") = "HOI4MassStateEditor", "HOI4MassStateEditor\HOI4MassStateEditor.csproj", "{BE68A2A4-5666-4255-9AE6-3756E3E54CF7}"
EndProject
Global
	GlobalSection(SolutionConfigurationPlatforms) = preSolution
		Debug|Any CPU = Debug|Any CPU
		Release|Any CPU = Release|Any CPU
	EndGlobalSection
	GlobalSection(ProjectConfigurationPlatforms) = postSolution
		{BE68A2A4-5666-4255-9AE6-3756E3E54CF7}.Debug|Any CPU.ActiveCfg = Debug|Any CPU
		{BE68A2A4-5666-4255-9AE6-3756E3E54CF7}.Debug|Any CPU.Build.0 = Debug|Any CPU
		{BE68A2A4-5666-4255-9AE6-3756E3E54CF7}.Release|Any CPU.ActiveCfg = Release|Any CPU
		{BE68A2A4-5666-4255-9AE6-3756E3E54CF7}.Release|Any CPU.Build.0 = Release|Any CPU
	EndGlobalSection
	GlobalSection(SolutionProperties) = preSolution
		HideSolutionNode = FALSE
	EndGlobalSection
	GlobalSection(ExtensibilityGlobals) = postSolution
		SolutionGuid = {3C2E567D-7697-43F7-95FE-46FB8C3FEE98}
	EndGlobalSection
EndGlobal
